{
  "name": "ncron",
  "lockfileVersion": 3,
  "requires": true,
  "packages": {
    "": {
      "dependencies": {
        "cron-parser": "^4.7.1"
      }
    },
    "node_modules/cron-parser": {
      "version": "4.7.1",
      "resolved": "https://registry.npmjs.org/cron-parser/-/cron-parser-4.7.1.tgz",
      "integrity": "sha512-WguFaoQ0hQ61SgsCZLHUcNbAvlK0lypKXu62ARguefYmjzaOXIVRNrAmyXzabTwUn4sQvQLkk6bjH+ipGfw8bA==",
      "dependencies": {
        "luxon": "^3.2.1"
      },
      "engines": {
        "node": ">=12.0.0"
      }
    },
    "node_modules/luxon": {
      "version": "3.2.1",
      "resolved": "https://registry.npmjs.org/luxon/-/luxon-3.2.1.tgz",
      "integrity": "sha512-QrwPArQCNLAKGO/C+ZIilgIuDnEnKx5QYODdDtbFaxzsbZcc/a7WFq7MhsVYgRlwawLtvOUESTlfJ+hc/USqPg==",
      "engines": {
        "node": ">=12"
      }
    }
  }
}
